
Microsoft Visual Studio Solution File, Format Version 12.00
# Visual Studio Version 17
VisualStudioVersion = 17.2.32526.322
MinimumVisualStudioVersion = 10.0.40219.1
Project("{FAE04EC0-301F-11D3-BF4B-00C04F79EFBC}") = "LabFirstGUI", "LabFirstGUI\LabFirstGUI.csproj", "{B54A5347-7F4B-42C5-AADC-420DBAE625C0}"
EndProject
Global
	GlobalSection(SolutionConfigurationPlatforms) = preSolution
		Debug|Any CPU = Debug|Any CPU
		Release|Any CPU = Release|Any CPU
	EndGlobalSection
	GlobalSection(ProjectConfigurationPlatforms) = postSolution
		{B54A5347-7F4B-42C5-AADC-420DBAE625C0}.Debug|Any CPU.ActiveCfg = Debug|Any CPU
		{B54A5347-7F4B-42C5-AADC-420DBAE625C0}.Debug|Any CPU.Build.0 = Debug|Any CPU
		{B54A5347-7F4B-42C5-AADC-420DBAE625C0}.Release|Any CPU.ActiveCfg = Release|Any CPU
		{B54A5347-7F4B-42C5-AADC-420DBAE625C0}.Release|Any CPU.Build.0 = Release|Any CPU
	EndGlobalSection
	GlobalSection(SolutionProperties) = preSolution
		HideSolutionNode = FALSE
	EndGlobalSection
	GlobalSection(ExtensibilityGlobals) = postSolution
		SolutionGuid = {34A66A83-96AB-4089-91A5-8E1A444CACDD}
	EndGlobalSection
EndGlobal
